{
  "name": "number-systems-server",
  "version": "1.0.0",
  "lockfileVersion": 3,
  "requires": true,
  "packages": {
    "": {
      "name": "number-systems-server",
      "version": "1.0.0",
      "dependencies": {
        "body-parser": "...",
        "cors": "...",
        "express": "...",
        "mongoose": "file:..."
      },
      "devDependencies": {
        "jest": "...",
        "nodemon": "..."
      }
    },
    "...": {},
    "node_modules/body-parser": {
      "resolved": "...",
      "link": true
    },
    "node_modules/cors": {
      "resolved": "...",
      "link": true
    },
    "node_modules/express": {
      "resolved": "...",
      "link": true
    },
    "node_modules/jest": {
      "resolved": "...",
      "link": true
    },
    "node_modules/mongoose": {
      "resolved": "...",
      "link": true
    },
    "node_modules/nodemon": {
      "resolved": "...",
      "link": true
    }
  }
}
